
Microsoft Visual Studio Solution File, Format Version 12.00
# Visual Studio Version 16
VisualStudioVersion = 16.0.30114.105
MinimumVisualStudioVersion = 10.0.40219.1
Project("{FAE04EC0-301F-11D3-BF4B-00C04F79EFBC}") = "Composição", "Composição\Composição.csproj", "{BEA4CACD-AB19-4E0D-8AE1-86C49B3B0DFE}"
EndProject
Global
	GlobalSection(SolutionConfigurationPlatforms) = preSolution
		Debug|Any CPU = Debug|Any CPU
		Release|Any CPU = Release|Any CPU
	EndGlobalSection
	GlobalSection(ProjectConfigurationPlatforms) = postSolution
		{BEA4CACD-AB19-4E0D-8AE1-86C49B3B0DFE}.Debug|Any CPU.ActiveCfg = Debug|Any CPU
		{BEA4CACD-AB19-4E0D-8AE1-86C49B3B0DFE}.Debug|Any CPU.Build.0 = Debug|Any CPU
		{BEA4CACD-AB19-4E0D-8AE1-86C49B3B0DFE}.Release|Any CPU.ActiveCfg = Release|Any CPU
		{BEA4CACD-AB19-4E0D-8AE1-86C49B3B0DFE}.Release|Any CPU.Build.0 = Release|Any CPU
	EndGlobalSection
	GlobalSection(SolutionProperties) = preSolution
		HideSolutionNode = FALSE
	EndGlobalSection
	GlobalSection(ExtensibilityGlobals) = postSolution
		SolutionGuid = {4B5F8E25-6303-46F9-B7DB-3AAE3AB01F7D}
	EndGlobalSection
EndGlobal
